
Microsoft Visual Studio Solution File, Format Version 12.00
# Visual Studio 15
VisualStudioVersion = 15.0.27428.2037
MinimumVisualStudioVersion = 10.0.40219.1
Project("{FAE04EC0-301F-11D3-BF4B-00C04F79EFBC}") = "BEnum", "BEnum\BEnum.csproj", "{EB7C60E2-A90C-4F52-BD35-9F19968EED5A}"
EndProject
Global
	GlobalSection(SolutionConfigurationPlatforms) = preSolution
		Debug|Any CPU = Debug|Any CPU
		Release|Any CPU = Release|Any CPU
	EndGlobalSection
	GlobalSection(ProjectConfigurationPlatforms) = postSolution
		{EB7C60E2-A90C-4F52-BD35-9F19968EED5A}.Debug|Any CPU.ActiveCfg = Debug|Any CPU
		{EB7C60E2-A90C-4F52-BD35-9F19968EED5A}.Debug|Any CPU.Build.0 = Debug|Any CPU
		{EB7C60E2-A90C-4F52-BD35-9F19968EED5A}.Release|Any CPU.ActiveCfg = Release|Any CPU
		{EB7C60E2-A90C-4F52-BD35-9F19968EED5A}.Release|Any CPU.Build.0 = Release|Any CPU
	EndGlobalSection
	GlobalSection(SolutionProperties) = preSolution
		HideSolutionNode = FALSE
	EndGlobalSection
	GlobalSection(ExtensibilityGlobals) = postSolution
		SolutionGuid = {8FD98BB7-2353-470D-884F-2CE94A3B047C}
	EndGlobalSection
EndGlobal
